
Microsoft Visual Studio Solution File, Format Version 12.00
# Visual Studio Version 16
VisualStudioVersion = 16.0.29709.97
MinimumVisualStudioVersion = 10.0.40219.1
Project("{FAE04EC0-301F-11D3-BF4B-00C04F79EFBC}") = "MyRentalApp", "MyRentalApp\MyRentalApp.csproj", "{20B17F1E-7A93-4191-92CB-F73A94B777A5}"
EndProject
Global
	GlobalSection(SolutionConfigurationPlatforms) = preSolution
		Debug|Any CPU = Debug|Any CPU
		Release|Any CPU = Release|Any CPU
	EndGlobalSection
	GlobalSection(ProjectConfigurationPlatforms) = postSolution
		{20B17F1E-7A93-4191-92CB-F73A94B777A5}.Debug|Any CPU.ActiveCfg = Debug|Any CPU
		{20B17F1E-7A93-4191-92CB-F73A94B777A5}.Debug|Any CPU.Build.0 = Debug|Any CPU
		{20B17F1E-7A93-4191-92CB-F73A94B777A5}.Release|Any CPU.ActiveCfg = Release|Any CPU
		{20B17F1E-7A93-4191-92CB-F73A94B777A5}.Release|Any CPU.Build.0 = Release|Any CPU
	EndGlobalSection
	GlobalSection(SolutionProperties) = preSolution
		HideSolutionNode = FALSE
	EndGlobalSection
	GlobalSection(ExtensibilityGlobals) = postSolution
		SolutionGuid = {15A1B9D7-DCD8-46C1-9CC9-0718E3D0A059}
	EndGlobalSection
EndGlobal
